// !$*UTF8*$!
{
	archiveVersion = 1;
	classes = {
	};
	objectVersion = 50;
	objects = {

/* Begin PBXBuildFile section */
		3917CF5525A0F10800F70F3E /* AppDelegate.swift in Sources */ = {isa = PBXBuildFile; fileRef = 3917CF5425A0F10800F70F3E /* AppDelegate.swift */; };
		3917CF5725A0F10800F70F3E /* SceneDelegate.swift in Sources */ = {isa = PBXBuildFile; fileRef = 3917CF5625A0F10800F70F3E /* SceneDelegate.swift */; };
		3917CF5925A0F10800F70F3E /* ContentView.swift in Sources */ = {isa = PBXBuildFile; fileRef = 3917CF5825A0F10800F70F3E /* ContentView.swift */; };
		3917CF5B25A0F10900F70F3E /* Assets.xcassets in Resources */ = {isa = PBXBuildFile; fileRef = 3917CF5A25A0F10900F70F3E /* Assets.xcassets */; };
		3917CF5E25A0F10900F70F3E /* Preview Assets.xcassets in Resources */ = {isa = PBXBuildFile; fileRef = 3917CF5D25A0F10900F70F3E /* Preview Assets.xcassets */; };
		3917CF6125A0F10900F70F3E /* LaunchScreen.storyboard in Resources */ = {isa = PBXBuildFile; fileRef = 3917CF5F25A0F10900F70F3E /* LaunchScreen.storyboard */; };
		3917CF6B25A10F6200F70F3E /* PlaySoundManager.swift in Sources */ = {isa = PBXBuildFile; fileRef = 3917CF6A25A10F6200F70F3E /* PlaySoundManager.swift */; };
		3917CF7525A1188700F70F3E /* A.wav in Resources */ = {isa = PBXBuildFile; fileRef = 3917CF6E25A1188700F70F3E /* A.wav */; };
		3917CF7625A1188700F70F3E /* C.wav in Resources */ = {isa = PBXBuildFile; fileRef = 3917CF6F25A1188700F70F3E /* C.wav */; };
		3917CF7725A1188700F70F3E /* B.wav in Resources */ = {isa = PBXBuildFile; fileRef = 3917CF7025A1188700F70F3E /* B.wav */; };
		3917CF7825A1188700F70F3E /* F.wav in Resources */ = {isa = PBXBuildFile; fileRef = 3917CF7125A1188700F70F3E /* F.wav */; };
		3917CF7925A1188700F70F3E /* G.wav in Resources */ = {isa = PBXBuildFile; fileRef = 3917CF7225A1188700F70F3E /* G.wav */; };
		3917CF7A25A1188700F70F3E /* E.wav in Resources */ = {isa = PBXBuildFile; fileRef = 3917CF7325A1188700F70F3E /* E.wav */; };
		3917CF7B25A1188700F70F3E /* D.wav in Resources */ = {isa = PBXBuildFile; fileRef = 3917CF7425A1188700F70F3E /* D.wav */; };
/* End PBXBuildFile section */

/* Begin PBXFileReference section */
		3917CF5125A0F10800F70F3E /* mediaPlayer.app */ = {isa = PBXFileReference; explicitFileType = wrapper.application; includeInIndex = 0; path = mediaPlayer.app; sourceTree = BUILT_PRODUCTS_DIR; };
		3917CF5425A0F10800F70F3E /* AppDelegate.swift */ = {isa = PBXFileReference; lastKnownFileType = sourcecode.swift; path = AppDelegate.swift; sourceTree = "<group>"; };
		3917CF5625A0F10800F70F3E /* SceneDelegate.swift */ = {isa = PBXFileReference; lastKnownFileType = sourcecode.swift; path = SceneDelegate.swift; sourceTree = "<group>"; };
		3917CF5825A0F10800F70F3E /* ContentView.swift */ = {isa = PBXFileReference; lastKnownFileType = sourcecode.swift; path = ContentView.swift; sourceTree = "<group>"; };
		3917CF5A25A0F10900F70F3E /* Assets.xcassets */ = {isa = PBXFileReference; lastKnownFileType = folder.assetcatalog; path = Assets.xcassets; sourceTree = "<group>"; };
		3917CF5D25A0F10900F70F3E /* Preview Assets.xcassets */ = {isa = PBXFileReference; lastKnownFileType = folder.assetcatalog; path = "Preview Assets.xcassets"; sourceTree = "<group>"; };
		3917CF6025A0F10900F70F3E /* Base */ = {isa = PBXFileReference; lastKnownFileType = file.storyboard; name = Base; path = Base.lproj/LaunchScreen.storyboard; sourceTree = "<group>"; };
		3917CF6225A0F10900F70F3E /* Info.plist */ = {isa = PBXFileReference; lastKnownFileType = text.plist.xml; path = Info.plist; sourceTree = "<group>"; };
		3917CF6A25A10F6200F70F3E /* PlaySoundManager.swift */ = {isa = PBXFileReference; lastKnownFileType = sourcecode.swift; path = PlaySoundManager.swift; sourceTree = "<group>"; };
		3917CF6E25A1188700F70F3E /* A.wav */ = {isa = PBXFileReference; lastKnownFileType = audio.wav; path = A.wav; sourceTree = "<group>"; };
		3917CF6F25A1188700F70F3E /* C.wav */ = {isa = PBXFileReference; lastKnownFileType = audio.wav; path = C.wav; sourceTree = "<group>"; };
		3917CF7025A1188700F70F3E /* B.wav */ = {isa = PBXFileReference; lastKnownFileType = audio.wav; path = B.wav; sourceTree = "<group>"; };
		3917CF7125A1188700F70F3E /* F.wav */ = {isa = PBXFileReference; lastKnownFileType = audio.wav; path = F.wav; sourceTree = "<group>"; };
		3917CF7225A1188700F70F3E /* G.wav */ = {isa = PBXFileReference; lastKnownFileType = audio.wav; path = G.wav; sourceTree = "<group>"; };
		3917CF7325A1188700F70F3E /* E.wav */ = {isa = PBXFileReference; lastKnownFileType = audio.wav; path = E.wav; sourceTree = "<group>"; };
		3917CF7425A1188700F70F3E /* D.wav */ = {isa = PBXFileReference; lastKnownFileType = audio.wav; path = D.wav; sourceTree = "<group>"; };
/* End PBXFileReference section */

/* Begin PBXFrameworksBuildPhase section */
		3917CF4E25A0F10800F70F3E /* Frameworks */ = {
			isa = PBXFrameworksBuildPhase;
			buildActionMask = 2147483647;
			files = (
			);
			runOnlyForDeploymentPostprocessing = 0;
		};
/* End PBXFrameworksBuildPhase section */

/* Begin PBXGroup section */
		3917CF4825A0F10800F70F3E = {
			isa = PBXGroup;
			children = (
				3917CF5325A0F10800F70F3E /* mediaPlayer */,
				3917CF5225A0F10800F70F3E /* Products */,
			);
			sourceTree = "<group>";
		};
		3917CF5225A0F10800F70F3E /* Products */ = {
			isa = PBXGroup;
			children = (
				3917CF5125A0F10800F70F3E /* mediaPlayer.app */,
			);
			name = Products;
			sourceTree = "<group>";
		};
		3917CF5325A0F10800F70F3E /* mediaPlayer */ = {
			isa = PBXGroup;
			children = (
				3917CF6D25A1188700F70F3E /* Sounds */,
				3917CF6925A10F4F00F70F3E /* Manager */,
				3917CF5425A0F10800F70F3E /* AppDelegate.swift */,
				3917CF5625A0F10800F70F3E /* SceneDelegate.swift */,
				3917CF5825A0F10800F70F3E /* ContentView.swift */,
				3917CF5A25A0F10900F70F3E /* Assets.xcassets */,
				3917CF5F25A0F10900F70F3E /* LaunchScreen.storyboard */,
				3917CF6225A0F10900F70F3E /* Info.plist */,
				3917CF5C25A0F10900F70F3E /* Preview Content */,
			);
			path = mediaPlayer;
			sourceTree = "<group>";
		};
		3917CF5C25A0F10900F70F3E /* Preview Content */ = {
			isa = PBXGroup;
			children = (
				3917CF5D25A0F10900F70F3E /* Preview Assets.xcassets */,
			);
			path = "Preview Content";
			sourceTree = "<group>";
		};
		3917CF6925A10F4F00F70F3E /* Manager */ = {
			isa = PBXGroup;
			children = (
				3917CF6A25A10F6200F70F3E /* PlaySoundManager.swift */,
			);
			path = Manager;
			sourceTree = "<group>";
		};
		3917CF6D25A1188700F70F3E /* Sounds */ = {
			isa = PBXGroup;
			children = (
				3917CF6E25A1188700F70F3E /* A.wav */,
				3917CF6F25A1188700F70F3E /* C.wav */,
				3917CF7025A1188700F70F3E /* B.wav */,
				3917CF7125A1188700F70F3E /* F.wav */,
				3917CF7225A1188700F70F3E /* G.wav */,
				3917CF7325A1188700F70F3E /* E.wav */,
				3917CF7425A1188700F70F3E /* D.wav */,
			);
			path = Sounds;
			sourceTree = "<group>";
		};
/* End PBXGroup section */

/* Begin PBXNativeTarget section */
		3917CF5025A0F10800F70F3E /* mediaPlayer */ = {
			isa = PBXNativeTarget;
			buildConfigurationList = 3917CF6525A0F10900F70F3E /* Build configuration list for PBXNativeTarget "mediaPlayer" */;
			buildPhases = (
				3917CF4D25A0F10800F70F3E /* Sources */,
				3917CF4E25A0F10800F70F3E /* Frameworks */,
				3917CF4F25A0F10800F70F3E /* Resources */,
			);
			buildRules = (
			);
			dependencies = (
			);
			name = mediaPlayer;
			productName = mediaPlayer;
			productReference = 3917CF5125A0F10800F70F3E /* mediaPlayer.app */;
			productType = "com.apple.product-type.application";
		};
/* End PBXNativeTarget section */

/* Begin PBXProject section */
		3917CF4925A0F10800F70F3E /* Project object */ = {
			isa = PBXProject;
			attributes = {
				LastSwiftUpdateCheck = 1230;
				LastUpgradeCheck = 1230;
				TargetAttributes = {
					3917CF5025A0F10800F70F3E = {
						CreatedOnToolsVersion = 12.3;
					};
				};
			};
			buildConfigurationList = 3917CF4C25A0F10800F70F3E /* Build configuration list for PBXProject "mediaPlayer" */;
			compatibilityVersion = "Xcode 9.3";
			developmentRegion = en;
			hasScannedForEncodings = 0;
			knownRegions = (
				en,
				Base,
			);
			mainGroup = 3917CF4825A0F10800F70F3E;
			productRefGroup = 3917CF5225A0F10800F70F3E /* Products */;
			projectDirPath = "";
			projectRoot = "";
			targets = (
				3917CF5025A0F10800F70F3E /* mediaPlayer */,
			);
		};
/* End PBXProject section */

/* Begin PBXResourcesBuildPhase section */
		3917CF4F25A0F10800F70F3E /* Resources */ = {
			isa = PBXResourcesBuildPhase;
			buildActionMask = 2147483647;
			files = (
				3917CF7925A1188700F70F3E /* G.wav in Resources */,
				3917CF6125A0F10900F70F3E /* LaunchScreen.storyboard in Resources */,
				3917CF7825A1188700F70F3E /* F.wav in Resources */,
				3917CF5E25A0F10900F70F3E /* Preview Assets.xcassets in Resources */,
				3917CF7525A1188700F70F3E /* A.wav in Resources */,
				3917CF7725A1188700F70F3E /* B.wav in Resources */,
				3917CF7A25A1188700F70F3E /* E.wav in Resources */,
				3917CF7B25A1188700F70F3E /* D.wav in Resources */,
				3917CF5B25A0F10900F70F3E /* Assets.xcassets in Resources */,
				3917CF7625A1188700F70F3E /* C.wav in Resources */,
			);
			runOnlyForDeploymentPostprocessing = 0;
		};
/* End PBXResourcesBuildPhase section */

/* Begin PBXSourcesBuildPhase section */
		3917CF4D25A0F10800F70F3E /* Sources */ = {
			isa = PBXSourcesBuildPhase;
			buildActionMask = 2147483647;
			files = (
				3917CF5525A0F10800F70F3E /* AppDelegate.swift in Sources */,
				3917CF5725A0F10800F70F3E /* SceneDelegate.swift in Sources */,
				3917CF5925A0F10800F70F3E /* ContentView.swift in Sources */,
				3917CF6B25A10F6200F70F3E /* PlaySoundManager.swift in Sources */,
			);
			runOnlyForDeploymentPostprocessing = 0;
		};
/* End PBXSourcesBuildPhase section */

/* Begin PBXVariantGroup section */
		3917CF5F25A0F10900F70F3E /* LaunchScreen.storyboard */ = {
			isa = PBXVariantGroup;
			children = (
				3917CF6025A0F10900F70F3E /* Base */,
			);
			name = LaunchScreen.storyboard;
			sourceTree = "<group>";
		};
/* End PBXVariantGroup section */

/* Begin XCBuildConfiguration section */
		3917CF6325A0F10900F70F3E /* Debug */ = {
			isa = XCBuildConfiguration;
			buildSettings = {
				ALWAYS_SEARCH_USER_PATHS = NO;
				CLANG_ANALYZER_NONNULL = YES;
				CLANG_ANALYZER_NUMBER_OBJECT_CONVERSION = YES_AGGRESSIVE;
				CLANG_CXX_LANGUAGE_STANDARD = "gnu++14";
				CLANG_CXX_LIBRARY = "libc++";
				CLANG_ENABLE_MODULES = YES;
				CLANG_ENABLE_OBJC_ARC = YES;
				CLANG_ENABLE_OBJC_WEAK = YES;
				CLANG_WARN_BLOCK_CAPTURE_AUTORELEASING = YES;
				CLANG_WARN_BOOL_CONVERSION = YES;
				CLANG_WARN_COMMA = YES;
				CLANG_WARN_CONSTANT_CONVERSION = YES;
				CLANG_WARN_DEPRECATED_OBJC_IMPLEMENTATIONS = YES;
				CLANG_WARN_DIRECT_OBJC_ISA_USAGE = YES_ERROR;
				CLANG_WARN_DOCUMENTATION_COMMENTS = YES;
				CLANG_WARN_EMPTY_BODY = YES;
				CLANG_WARN_ENUM_CONVERSION = YES;
				CLANG_WARN_INFINITE_RECURSION = YES;
				CLANG_WARN_INT_CONVERSION = YES;
				CLANG_WARN_NON_LITERAL_NULL_CONVERSION = YES;
				CLANG_WARN_OBJC_IMPLICIT_RETAIN_SELF = YES;
				CLANG_WARN_OBJC_LITERAL_CONVERSION = YES;
				CLANG_WARN_OBJC_ROOT_CLASS = YES_ERROR;
				CLANG_WARN_QUOTED_INCLUDE_IN_FRAMEWORK_HEADER = YES;
				CLANG_WARN_RANGE_LOOP_ANALYSIS = YES;
				CLANG_WARN_STRICT_PROTOTYPES = YES;
				CLANG_WARN_SUSPICIOUS_MOVE = YES;
				CLANG_WARN_UNGUARDED_AVAILABILITY = YES_AGGRESSIVE;
				CLANG_WARN_UNREACHABLE_CODE = YES;
				CLANG_WARN__DUPLICATE_METHOD_MATCH = YES;
				COPY_PHASE_STRIP = NO;
				DEBUG_INFORMATION_FORMAT = dwarf;
				ENABLE_STRICT_OBJC_MSGSEND = YES;
				ENABLE_TESTABILITY = YES;
				GCC_C_LANGUAGE_STANDARD = gnu11;
				GCC_DYNAMIC_NO_PIC = NO;
				GCC_NO_COMMON_BLOCKS = YES;
				GCC_OPTIMIZATION_LEVEL = 0;
				GCC_PREPROCESSOR_DEFINITIONS = (
					"DEBUG=1",
					"$(inherited)",
				);
				GCC_WARN_64_TO_32_BIT_CONVERSION = YES;
				GCC_WARN_ABOUT_RETURN_TYPE = YES_ERROR;
				GCC_WARN_UNDECLARED_SELECTOR = YES;
				GCC_WARN_UNINITIALIZED_AUTOS = YES_AGGRESSIVE;
				GCC_WARN_UNUSED_FUNCTION = YES;
				GCC_WARN_UNUSED_VARIABLE = YES;
				IPHONEOS_DEPLOYMENT_TARGET = 14.3;
				MTL_ENABLE_DEBUG_INFO = INCLUDE_SOURCE;
				MTL_FAST_MATH = YES;
				ONLY_ACTIVE_ARCH = YES;
				SDKROOT = iphoneos;
				SWIFT_ACTIVE_COMPILATION_CONDITIONS = DEBUG;
				SWIFT_OPTIMIZATION_LEVEL = "-Onone";
			};
			name = Debug;
		};
		3917CF6425A0F10900F70F3E /* Release */ = {
			isa = XCBuildConfiguration;
			buildSettings = {
				ALWAYS_SEARCH_USER_PATHS = NO;
				CLANG_ANALYZER_NONNULL = YES;
				CLANG_ANALYZER_NUMBER_OBJECT_CONVERSION = YES_AGGRESSIVE;
				CLANG_CXX_LANGUAGE_STANDARD = "gnu++14";
				CLANG_CXX_LIBRARY = "libc++";
				CLANG_ENABLE_MODULES = YES;
				CLANG_ENABLE_OBJC_ARC = YES;
				CLANG_ENABLE_OBJC_WEAK = YES;
				CLANG_WARN_BLOCK_CAPTURE_AUTORELEASING = YES;
				CLANG_WARN_BOOL_CONVERSION = YES;
				CLANG_WARN_COMMA = YES;
				CLANG_WARN_CONSTANT_CONVERSION = YES;
				CLANG_WARN_DEPRECATED_OBJC_IMPLEMENTATIONS = YES;
				CLANG_WARN_DIRECT_OBJC_ISA_USAGE = YES_ERROR;
				CLANG_WARN_DOCUMENTATION_COMMENTS = YES;
				CLANG_WARN_EMPTY_BODY = YES;
				CLANG_WARN_ENUM_CONVERSION = YES;
				CLANG_WARN_INFINITE_RECURSION = YES;
				CLANG_WARN_INT_CONVERSION = YES;
				CLANG_WARN_NON_LITERAL_NULL_CONVERSION = YES;
				CLANG_WARN_OBJC_IMPLICIT_RETAIN_SELF = YES;
				CLANG_WARN_OBJC_LITERAL_CONVERSION = YES;
				CLANG_WARN_OBJC_ROOT_CLASS = YES_ERROR;
				CLANG_WARN_QUOTED_INCLUDE_IN_FRAMEWORK_HEADER = YES;
				CLANG_WARN_RANGE_LOOP_ANALYSIS = YES;
				CLANG_WARN_STRICT_PROTOTYPES = YES;
				CLANG_WARN_SUSPICIOUS_MOVE = YES;
				CLANG_WARN_UNGUARDED_AVAILABILITY = YES_AGGRESSIVE;
				CLANG_WARN_UNREACHABLE_CODE = YES;
				CLANG_WARN__DUPLICATE_METHOD_MATCH = YES;
				COPY_PHASE_STRIP = NO;
				DEBUG_INFORMATION_FORMAT = "dwarf-with-dsym";
				ENABLE_NS_ASSERTIONS = NO;
				ENABLE_STRICT_OBJC_MSGSEND = YES;
				GCC_C_LANGUAGE_STANDARD = gnu11;
				GCC_NO_COMMON_BLOCKS = YES;
				GCC_WARN_64_TO_32_BIT_CONVERSION = YES;
				GCC_WARN_ABOUT_RETURN_TYPE = YES_ERROR;
				GCC_WARN_UNDECLARED_SELECTOR = YES;
				GCC_WARN_UNINITIALIZED_AUTOS = YES_AGGRESSIVE;
				GCC_WARN_UNUSED_FUNCTION = YES;
				GCC_WARN_UNUSED_VARIABLE = YES;
				IPHONEOS_DEPLOYMENT_TARGET = 14.3;
				MTL_ENABLE_DEBUG_INFO = NO;
				MTL_FAST_MATH = YES;
				SDKROOT = iphoneos;
				SWIFT_COMPILATION_MODE = wholemodule;
				SWIFT_OPTIMIZATION_LEVEL = "-O";
				VALIDATE_PRODUCT = YES;
			};
			name = Release;
		};
		3917CF6625A0F10900F70F3E /* Debug */ = {
			isa = XCBuildConfiguration;
			buildSettings = {
				ASSETCATALOG_COMPILER_APPICON_NAME = AppIcon;
				ASSETCATALOG_COMPILER_GLOBAL_ACCENT_COLOR_NAME = AccentColor;
				CODE_SIGN_STYLE = Automatic;
				DEVELOPMENT_ASSET_PATHS = "\"mediaPlayer/Preview Content\"";
				DEVELOPMENT_TEAM = 9N2KB3Z455;
				ENABLE_PREVIEWS = YES;
				INFOPLIST_FILE = mediaPlayer/Info.plist;
				LD_RUNPATH_SEARCH_PATHS = (
					"$(inherited)",
					"@executable_path/Frameworks",
				);
				PRODUCT_BUNDLE_IDENTIFIER = com.nawaf.mediaPlayer;
				PRODUCT_NAME = "$(TARGET_NAME)";
				SWIFT_VERSION = 5.0;
				TARGETED_DEVICE_FAMILY = "1,2";
			};
			name = Debug;
		};
		3917CF6725A0F10900F70F3E /* Release */ = {
			isa = XCBuildConfiguration;
			buildSettings = {
				ASSETCATALOG_COMPILER_APPICON_NAME = AppIcon;
				ASSETCATALOG_COMPILER_GLOBAL_ACCENT_COLOR_NAME = AccentColor;
				CODE_SIGN_STYLE = Automatic;
				DEVELOPMENT_ASSET_PATHS = "\"mediaPlayer/Preview Content\"";
				DEVELOPMENT_TEAM = 9N2KB3Z455;
				ENABLE_PREVIEWS = YES;
				INFOPLIST_FILE = mediaPlayer/Info.plist;
				LD_RUNPATH_SEARCH_PATHS = (
					"$(inherited)",
					"@executable_path/Frameworks",
				);
				PRODUCT_BUNDLE_IDENTIFIER = com.nawaf.mediaPlayer;
				PRODUCT_NAME = "$(TARGET_NAME)";
				SWIFT_VERSION = 5.0;
				TARGETED_DEVICE_FAMILY = "1,2";
			};
			name = Release;
		};
/* End XCBuildConfiguration section */

/* Begin XCConfigurationList section */
		3917CF4C25A0F10800F70F3E /* Build configuration list for PBXProject "mediaPlayer" */ = {
			isa = XCConfigurationList;
			buildConfigurations = (
				3917CF6325A0F10900F70F3E /* Debug */,
				3917CF6425A0F10900F70F3E /* Release */,
			);
			defaultConfigurationIsVisible = 0;
			defaultConfigurationName = Release;
		};
		3917CF6525A0F10900F70F3E /* Build configuration list for PBXNativeTarget "mediaPlayer" */ = {
			isa = XCConfigurationList;
			buildConfigurations = (
				3917CF6625A0F10900F70F3E /* Debug */,
				3917CF6725A0F10900F70F3E /* Release */,
			);
			defaultConfigurationIsVisible = 0;
			defaultConfigurationName = Release;
		};
/* End XCConfigurationList section */
	};
	rootObject = 3917CF4925A0F10800F70F3E /* Project object */;
}
